
Microsoft Visual Studio Solution File, Format Version 12.00
# Visual Studio Version 17
VisualStudioVersion = 17.2.32616.157
MinimumVisualStudioVersion = 10.0.40219.1
Project("{9A19103F-16F7-4668-BE54-9A1E7A4F7556}") = "Chat.API", "Services\Chat\Chat.API\Chat.API.csproj", "{C156334F-6DFD-40A8-95BC-C06B89F6FCE5}"
EndProject
Project("{9A19103F-16F7-4668-BE54-9A1E7A4F7556}") = "SimpleClient", "Clients\SimpleClient\SimpleClient.csproj", "{214B52F8-71A0-467A-881E-4A518A75B700}"
EndProject
Project("{9A19103F-16F7-4668-BE54-9A1E7A4F7556}") = "RealtimeClient", "Clients\RealtimeClient\RealtimeClient.csproj", "{0E5B6429-F7AE-4CBA-9A8A-9A9135AD44A0}"
EndProject
Project("{2150E333-8FDC-42A3-9474-1A3956D46DE8}") = "Services", "Services", "{7837BCE9-C1A6-40B8-93E7-04C364FBB38F}"
EndProject
Project("{2150E333-8FDC-42A3-9474-1A3956D46DE8}") = "Clients", "Clients", "{C172887C-FF02-4A37-B551-D12E0D510722}"
EndProject
Project("{2150E333-8FDC-42A3-9474-1A3956D46DE8}") = "Web", "Web", "{3352050F-67A6-45EE-B6AD-899DB70F4292}"
EndProject
Project("{2150E333-8FDC-42A3-9474-1A3956D46DE8}") = "BuildingBlocks", "BuildingBlocks", "{E476E82A-8D1E-4C58-9FA2-18FE9F99911B}"
EndProject
Project("{9A19103F-16F7-4668-BE54-9A1E7A4F7556}") = "Infrastructure", "BuildingBlocks\Infrastructure\Infrastructure.csproj", "{4AF730E1-A887-40E4-8040-2FB7EF779FF9}"
EndProject
Project("{2150E333-8FDC-42A3-9474-1A3956D46DE8}") = "Chat", "Chat", "{8D4D56B2-3CFF-4BDC-8523-F78D8B5571FB}"
EndProject
Project("{9A19103F-16F7-4668-BE54-9A1E7A4F7556}") = "Chat.Application", "Services\Chat\Chat.Application\Chat.Application.csproj", "{CB2A7FBD-C817-4C2F-B7D3-DBD33E3D73F1}"
EndProject
Project("{9A19103F-16F7-4668-BE54-9A1E7A4F7556}") = "Chat.Domain", "Services\Chat\Chat.Domain\Chat.Domain.csproj", "{B5ED694D-34EE-4C58-AF15-FEF4711A9FAE}"
EndProject
Project("{9A19103F-16F7-4668-BE54-9A1E7A4F7556}") = "Chat.Persistence", "Services\Chat\Chat.Persistence\Chat.Persistence.csproj", "{FF3D2649-4850-4CA3-BDB8-965107F313BB}"
EndProject
Project("{54A90642-561A-4BB1-A94E-469ADEE60C69}") = "WebSPA", "Web\WebSPA\WebSPA.esproj", "{CD8218FF-AD4C-454F-8229-AE3E711D36FD}"
EndProject
Project("{FAE04EC0-301F-11D3-BF4B-00C04F79EFBC}") = "ClientsLibrary", "BuildingBlocks\ClientsLibrary\ClientsLibrary.csproj", "{17B1D5A5-D6A8-47D8-9885-57A35A814D7A}"
EndProject
Global
	GlobalSection(SolutionConfigurationPlatforms) = preSolution
		Debug|Any CPU = Debug|Any CPU
		Release|Any CPU = Release|Any CPU
	EndGlobalSection
	GlobalSection(ProjectConfigurationPlatforms) = postSolution
		{C156334F-6DFD-40A8-95BC-C06B89F6FCE5}.Debug|Any CPU.ActiveCfg = Debug|Any CPU
		{C156334F-6DFD-40A8-95BC-C06B89F6FCE5}.Debug|Any CPU.Build.0 = Debug|Any CPU
		{C156334F-6DFD-40A8-95BC-C06B89F6FCE5}.Release|Any CPU.ActiveCfg = Release|Any CPU
		{C156334F-6DFD-40A8-95BC-C06B89F6FCE5}.Release|Any CPU.Build.0 = Release|Any CPU
		{214B52F8-71A0-467A-881E-4A518A75B700}.Debug|Any CPU.ActiveCfg = Debug|Any CPU
		{214B52F8-71A0-467A-881E-4A518A75B700}.Debug|Any CPU.Build.0 = Debug|Any CPU
		{214B52F8-71A0-467A-881E-4A518A75B700}.Release|Any CPU.ActiveCfg = Release|Any CPU
		{214B52F8-71A0-467A-881E-4A518A75B700}.Release|Any CPU.Build.0 = Release|Any CPU
		{0E5B6429-F7AE-4CBA-9A8A-9A9135AD44A0}.Debug|Any CPU.ActiveCfg = Debug|Any CPU
		{0E5B6429-F7AE-4CBA-9A8A-9A9135AD44A0}.Debug|Any CPU.Build.0 = Debug|Any CPU
		{0E5B6429-F7AE-4CBA-9A8A-9A9135AD44A0}.Release|Any CPU.ActiveCfg = Release|Any CPU
		{0E5B6429-F7AE-4CBA-9A8A-9A9135AD44A0}.Release|Any CPU.Build.0 = Release|Any CPU
		{4AF730E1-A887-40E4-8040-2FB7EF779FF9}.Debug|Any CPU.ActiveCfg = Debug|Any CPU
		{4AF730E1-A887-40E4-8040-2FB7EF779FF9}.Debug|Any CPU.Build.0 = Debug|Any CPU
		{4AF730E1-A887-40E4-8040-2FB7EF779FF9}.Release|Any CPU.ActiveCfg = Release|Any CPU
		{4AF730E1-A887-40E4-8040-2FB7EF779FF9}.Release|Any CPU.Build.0 = Release|Any CPU
		{CB2A7FBD-C817-4C2F-B7D3-DBD33E3D73F1}.Debug|Any CPU.ActiveCfg = Debug|Any CPU
		{CB2A7FBD-C817-4C2F-B7D3-DBD33E3D73F1}.Debug|Any CPU.Build.0 = Debug|Any CPU
		{CB2A7FBD-C817-4C2F-B7D3-DBD33E3D73F1}.Release|Any CPU.ActiveCfg = Release|Any CPU
		{CB2A7FBD-C817-4C2F-B7D3-DBD33E3D73F1}.Release|Any CPU.Build.0 = Release|Any CPU
		{B5ED694D-34EE-4C58-AF15-FEF4711A9FAE}.Debug|Any CPU.ActiveCfg = Debug|Any CPU
		{B5ED694D-34EE-4C58-AF15-FEF4711A9FAE}.Debug|Any CPU.Build.0 = Debug|Any CPU
		{B5ED694D-34EE-4C58-AF15-FEF4711A9FAE}.Release|Any CPU.ActiveCfg = Release|Any CPU
		{B5ED694D-34EE-4C58-AF15-FEF4711A9FAE}.Release|Any CPU.Build.0 = Release|Any CPU
		{FF3D2649-4850-4CA3-BDB8-965107F313BB}.Debug|Any CPU.ActiveCfg = Debug|Any CPU
		{FF3D2649-4850-4CA3-BDB8-965107F313BB}.Debug|Any CPU.Build.0 = Debug|Any CPU
		{FF3D2649-4850-4CA3-BDB8-965107F313BB}.Release|Any CPU.ActiveCfg = Release|Any CPU
		{FF3D2649-4850-4CA3-BDB8-965107F313BB}.Release|Any CPU.Build.0 = Release|Any CPU
		{CD8218FF-AD4C-454F-8229-AE3E711D36FD}.Debug|Any CPU.ActiveCfg = Debug|Any CPU
		{CD8218FF-AD4C-454F-8229-AE3E711D36FD}.Debug|Any CPU.Build.0 = Debug|Any CPU
		{CD8218FF-AD4C-454F-8229-AE3E711D36FD}.Debug|Any CPU.Deploy.0 = Debug|Any CPU
		{CD8218FF-AD4C-454F-8229-AE3E711D36FD}.Release|Any CPU.ActiveCfg = Release|Any CPU
		{CD8218FF-AD4C-454F-8229-AE3E711D36FD}.Release|Any CPU.Build.0 = Release|Any CPU
		{CD8218FF-AD4C-454F-8229-AE3E711D36FD}.Release|Any CPU.Deploy.0 = Release|Any CPU
		{17B1D5A5-D6A8-47D8-9885-57A35A814D7A}.Debug|Any CPU.ActiveCfg = Debug|Any CPU
		{17B1D5A5-D6A8-47D8-9885-57A35A814D7A}.Debug|Any CPU.Build.0 = Debug|Any CPU
		{17B1D5A5-D6A8-47D8-9885-57A35A814D7A}.Release|Any CPU.ActiveCfg = Release|Any CPU
		{17B1D5A5-D6A8-47D8-9885-57A35A814D7A}.Release|Any CPU.Build.0 = Release|Any CPU
	EndGlobalSection
	GlobalSection(SolutionProperties) = preSolution
		HideSolutionNode = FALSE
	EndGlobalSection
	GlobalSection(NestedProjects) = preSolution
		{C156334F-6DFD-40A8-95BC-C06B89F6FCE5} = {8D4D56B2-3CFF-4BDC-8523-F78D8B5571FB}
		{214B52F8-71A0-467A-881E-4A518A75B700} = {C172887C-FF02-4A37-B551-D12E0D510722}
		{0E5B6429-F7AE-4CBA-9A8A-9A9135AD44A0} = {C172887C-FF02-4A37-B551-D12E0D510722}
		{4AF730E1-A887-40E4-8040-2FB7EF779FF9} = {E476E82A-8D1E-4C58-9FA2-18FE9F99911B}
		{8D4D56B2-3CFF-4BDC-8523-F78D8B5571FB} = {7837BCE9-C1A6-40B8-93E7-04C364FBB38F}
		{CB2A7FBD-C817-4C2F-B7D3-DBD33E3D73F1} = {8D4D56B2-3CFF-4BDC-8523-F78D8B5571FB}
		{B5ED694D-34EE-4C58-AF15-FEF4711A9FAE} = {8D4D56B2-3CFF-4BDC-8523-F78D8B5571FB}
		{FF3D2649-4850-4CA3-BDB8-965107F313BB} = {8D4D56B2-3CFF-4BDC-8523-F78D8B5571FB}
		{CD8218FF-AD4C-454F-8229-AE3E711D36FD} = {3352050F-67A6-45EE-B6AD-899DB70F4292}
		{17B1D5A5-D6A8-47D8-9885-57A35A814D7A} = {E476E82A-8D1E-4C58-9FA2-18FE9F99911B}
	EndGlobalSection
	GlobalSection(ExtensibilityGlobals) = postSolution
		SolutionGuid = {F889C6A2-5AAB-45CF-B2A9-82BC03084359}
	EndGlobalSection
EndGlobal
